<?xml version="1.0" encoding="utf-8"?>
<Project ToolsVersion="4.0" xmlns="http://schemas.microsoft.com/developer/msbuild/2003">
  <ItemGroup>
    <Filter Include="源文件">
      <UniqueIdentifier>{4FC737F1-C7A5-4376-A066-2A32D752A2FF}</UniqueIdentifier>
      <Extensions>cpp;c;cc;cxx;def;odl;idl;hpj;bat;asm;asmx</Extensions>
    </Filter>
    <Filter Include="头文件">
      <UniqueIdentifier>{93995380-89BD-4b04-88EB-625FBE52EBFB}</UniqueIdentifier>
      <Extensions>h;hh;hpp;hxx;hm;inl;inc;xsd</Extensions>
    </Filter>
    <Filter Include="资源文件">
      <UniqueIdentifier>{67DA6AB6-F800-4c08-8B7A-83BB121AAD01}</UniqueIdentifier>
      <Extensions>rc;ico;cur;bmp;dlg;rc2;rct;bin;rgs;gif;jpg;jpeg;jpe;resx;tiff;tif;png;wav;mfcribbon-ms</Extensions>
    </Filter>
  </ItemGroup>
  <ItemGroup>
    <ClCompile Include="src\main.cpp">
      <Filter>源文件</Filter>
    </ClCompile>
    <ClCompile Include="src\public_function.cpp">
      <Filter>源文件</Filter>
    </ClCompile>
    <ClCompile Include="src\thread_pool.cpp">
      <Filter>源文件</Filter>
    </ClCompile>
    <ClCompile Include="src\data_base.cpp">
      <Filter>源文件</Filter>
    </ClCompile>
    <ClCompile Include="client_test.cpp">
      <Filter>源文件</Filter>
    </ClCompile>
    <ClCompile Include="libevent\sample\dns-example.c">
      <Filter>源文件</Filter>
    </ClCompile>
    <ClCompile Include="libevent\sample\event-test.c">
      <Filter>源文件</Filter>
    </ClCompile>
    <ClCompile Include="libevent\sample\hello-world.c">
      <Filter>源文件</Filter>
    </ClCompile>
    <ClCompile Include="libevent\sample\http-server.c">
      <Filter>源文件</Filter>
    </ClCompile>
    <ClCompile Include="libevent\sample\le-proxy.c">
      <Filter>源文件</Filter>
    </ClCompile>
    <ClCompile Include="libevent\sample\signal-test.c">
      <Filter>源文件</Filter>
    </ClCompile>
    <ClCompile Include="libevent\sample\time-test.c">
      <Filter>源文件</Filter>
    </ClCompile>
    <ClCompile Include="libevent\test\bench.c">
      <Filter>源文件</Filter>
    </ClCompile>
    <ClCompile Include="libevent\test\bench_cascade.c">
      <Filter>源文件</Filter>
    </ClCompile>
    <ClCompile Include="libevent\test\bench_http.c">
      <Filter>源文件</Filter>
    </ClCompile>
    <ClCompile Include="libevent\test\bench_httpclient.c">
      <Filter>源文件</Filter>
    </ClCompile>
    <ClCompile Include="libevent\test\regress.c">
      <Filter>源文件</Filter>
    </ClCompile>
    <ClCompile Include="libevent\test\regress.gen.c">
      <Filter>源文件</Filter>
    </ClCompile>
    <ClCompile Include="libevent\test\regress_buffer.c">
      <Filter>源文件</Filter>
    </ClCompile>
    <ClCompile Include="libevent\test\regress_bufferevent.c">
      <Filter>源文件</Filter>
    </ClCompile>
    <ClCompile Include="libevent\test\regress_dns.c">
      <Filter>源文件</Filter>
    </ClCompile>
    <ClCompile Include="libevent\test\regress_et.c">
      <Filter>源文件</Filter>
    </ClCompile>
    <ClCompile Include="libevent\test\regress_http.c">
      <Filter>源文件</Filter>
    </ClCompile>
    <ClCompile Include="libevent\test\regress_iocp.c">
      <Filter>源文件</Filter>
    </ClCompile>
    <ClCompile Include="libevent\test\regress_listener.c">
      <Filter>源文件</Filter>
    </ClCompile>
    <ClCompile Include="libevent\test\regress_main.c">
      <Filter>源文件</Filter>
    </ClCompile>
    <ClCompile Include="libevent\test\regress_minheap.c">
      <Filter>源文件</Filter>
    </ClCompile>
    <ClCompile Include="libevent\test\regress_rpc.c">
      <Filter>源文件</Filter>
    </ClCompile>
    <ClCompile Include="libevent\test\regress_ssl.c">
      <Filter>源文件</Filter>
    </ClCompile>
    <ClCompile Include="libevent\test\regress_testutils.c">
      <Filter>源文件</Filter>
    </ClCompile>
    <ClCompile Include="libevent\test\regress_thread.c">
      <Filter>源文件</Filter>
    </ClCompile>
    <ClCompile Include="libevent\test\regress_util.c">
      <Filter>源文件</Filter>
    </ClCompile>
    <ClCompile Include="libevent\test\regress_zlib.c">
      <Filter>源文件</Filter>
    </ClCompile>
    <ClCompile Include="libevent\test\test-changelist.c">
      <Filter>源文件</Filter>
    </ClCompile>
    <ClCompile Include="libevent\test\test-eof.c">
      <Filter>源文件</Filter>
    </ClCompile>
    <ClCompile Include="libevent\test\test-init.c">
      <Filter>源文件</Filter>
    </ClCompile>
    <ClCompile Include="libevent\test\test-ratelim.c">
      <Filter>源文件</Filter>
    </ClCompile>
    <ClCompile Include="libevent\test\test-time.c">
      <Filter>源文件</Filter>
    </ClCompile>
    <ClCompile Include="libevent\test\test-weof.c">
      <Filter>源文件</Filter>
    </ClCompile>
    <ClCompile Include="libevent\test\tinytest.c">
      <Filter>源文件</Filter>
    </ClCompile>
    <ClCompile Include="libevent\arc4random.c">
      <Filter>源文件</Filter>
    </ClCompile>
    <ClCompile Include="libevent\buffer.c">
      <Filter>源文件</Filter>
    </ClCompile>
    <ClCompile Include="libevent\buffer_iocp.c">
      <Filter>源文件</Filter>
    </ClCompile>
    <ClCompile Include="libevent\bufferevent.c">
      <Filter>源文件</Filter>
    </ClCompile>
    <ClCompile Include="libevent\bufferevent_async.c">
      <Filter>源文件</Filter>
    </ClCompile>
    <ClCompile Include="libevent\bufferevent_filter.c">
      <Filter>源文件</Filter>
    </ClCompile>
    <ClCompile Include="libevent\bufferevent_openssl.c">
      <Filter>源文件</Filter>
    </ClCompile>
    <ClCompile Include="libevent\bufferevent_pair.c">
      <Filter>源文件</Filter>
    </ClCompile>
    <ClCompile Include="libevent\bufferevent_ratelim.c">
      <Filter>源文件</Filter>
    </ClCompile>
    <ClCompile Include="libevent\bufferevent_sock.c">
      <Filter>源文件</Filter>
    </ClCompile>
    <ClCompile Include="libevent\devpoll.c">
      <Filter>源文件</Filter>
    </ClCompile>
    <ClCompile Include="libevent\epoll.c">
      <Filter>源文件</Filter>
    </ClCompile>
    <ClCompile Include="libevent\epoll_sub.c">
      <Filter>源文件</Filter>
    </ClCompile>
    <ClCompile Include="libevent\evdns.c">
      <Filter>源文件</Filter>
    </ClCompile>
    <ClCompile Include="libevent\event.c">
      <Filter>源文件</Filter>
    </ClCompile>
    <ClCompile Include="libevent\event_iocp.c">
      <Filter>源文件</Filter>
    </ClCompile>
    <ClCompile Include="libevent\event_tagging.c">
      <Filter>源文件</Filter>
    </ClCompile>
    <ClCompile Include="libevent\evmap.c">
      <Filter>源文件</Filter>
    </ClCompile>
    <ClCompile Include="libevent\evport.c">
      <Filter>源文件</Filter>
    </ClCompile>
    <ClCompile Include="libevent\evrpc.c">
      <Filter>源文件</Filter>
    </ClCompile>
    <ClCompile Include="libevent\evthread.c">
      <Filter>源文件</Filter>
    </ClCompile>
    <ClCompile Include="libevent\evthread_pthread.c">
      <Filter>源文件</Filter>
    </ClCompile>
    <ClCompile Include="libevent\evthread_win32.c">
      <Filter>源文件</Filter>
    </ClCompile>
    <ClCompile Include="libevent\evutil.c">
      <Filter>源文件</Filter>
    </ClCompile>
    <ClCompile Include="libevent\evutil_rand.c">
      <Filter>源文件</Filter>
    </ClCompile>
    <ClCompile Include="libevent\http.c">
      <Filter>源文件</Filter>
    </ClCompile>
    <ClCompile Include="libevent\kqueue.c">
      <Filter>源文件</Filter>
    </ClCompile>
    <ClCompile Include="libevent\listener.c">
      <Filter>源文件</Filter>
    </ClCompile>
    <ClCompile Include="libevent\log.c">
      <Filter>源文件</Filter>
    </ClCompile>
    <ClCompile Include="libevent\poll.c">
      <Filter>源文件</Filter>
    </ClCompile>
    <ClCompile Include="libevent\select.c">
      <Filter>源文件</Filter>
    </ClCompile>
    <ClCompile Include="libevent\signal.c">
      <Filter>源文件</Filter>
    </ClCompile>
    <ClCompile Include="libevent\strlcpy.c">
      <Filter>源文件</Filter>
    </ClCompile>
    <ClCompile Include="libevent\win32select.c">
      <Filter>源文件</Filter>
    </ClCompile>
    <ClCompile Include="src\http_server.cpp">
      <Filter>源文件</Filter>
    </ClCompile>
    <ClCompile Include="src\libevent\sample\dns-example.c">
      <Filter>源文件</Filter>
    </ClCompile>
    <ClCompile Include="src\libevent\sample\event-test.c">
      <Filter>源文件</Filter>
    </ClCompile>
    <ClCompile Include="src\libevent\sample\hello-world.c">
      <Filter>源文件</Filter>
    </ClCompile>
    <ClCompile Include="src\libevent\sample\http-server.c">
      <Filter>源文件</Filter>
    </ClCompile>
    <ClCompile Include="src\libevent\sample\le-proxy.c">
      <Filter>源文件</Filter>
    </ClCompile>
    <ClCompile Include="src\libevent\sample\signal-test.c">
      <Filter>源文件</Filter>
    </ClCompile>
    <ClCompile Include="src\libevent\sample\time-test.c">
      <Filter>源文件</Filter>
    </ClCompile>
    <ClCompile Include="src\libevent\test\bench.c">
      <Filter>源文件</Filter>
    </ClCompile>
    <ClCompile Include="src\libevent\test\bench_cascade.c">
      <Filter>源文件</Filter>
    </ClCompile>
    <ClCompile Include="src\libevent\test\bench_http.c">
      <Filter>源文件</Filter>
    </ClCompile>
    <ClCompile Include="src\libevent\test\bench_httpclient.c">
      <Filter>源文件</Filter>
    </ClCompile>
    <ClCompile Include="src\libevent\test\regress.c">
      <Filter>源文件</Filter>
    </ClCompile>
    <ClCompile Include="src\libevent\test\regress.gen.c">
      <Filter>源文件</Filter>
    </ClCompile>
    <ClCompile Include="src\libevent\test\regress_buffer.c">
      <Filter>源文件</Filter>
    </ClCompile>
    <ClCompile Include="src\libevent\test\regress_bufferevent.c">
      <Filter>源文件</Filter>
    </ClCompile>
    <ClCompile Include="src\libevent\test\regress_dns.c">
      <Filter>源文件</Filter>
    </ClCompile>
    <ClCompile Include="src\libevent\test\regress_et.c">
      <Filter>源文件</Filter>
    </ClCompile>
    <ClCompile Include="src\libevent\test\regress_http.c">
      <Filter>源文件</Filter>
    </ClCompile>
    <ClCompile Include="src\libevent\test\regress_iocp.c">
      <Filter>源文件</Filter>
    </ClCompile>
    <ClCompile Include="src\libevent\test\regress_listener.c">
      <Filter>源文件</Filter>
    </ClCompile>
    <ClCompile Include="src\libevent\test\regress_main.c">
      <Filter>源文件</Filter>
    </ClCompile>
    <ClCompile Include="src\libevent\test\regress_minheap.c">
      <Filter>源文件</Filter>
    </ClCompile>
    <ClCompile Include="src\libevent\test\regress_rpc.c">
      <Filter>源文件</Filter>
    </ClCompile>
    <ClCompile Include="src\libevent\test\regress_ssl.c">
      <Filter>源文件</Filter>
    </ClCompile>
    <ClCompile Include="src\libevent\test\regress_testutils.c">
      <Filter>源文件</Filter>
    </ClCompile>
    <ClCompile Include="src\libevent\test\regress_thread.c">
      <Filter>源文件</Filter>
    </ClCompile>
    <ClCompile Include="src\libevent\test\regress_util.c">
      <Filter>源文件</Filter>
    </ClCompile>
    <ClCompile Include="src\libevent\test\regress_zlib.c">
      <Filter>源文件</Filter>
    </ClCompile>
    <ClCompile Include="src\libevent\test\test-changelist.c">
      <Filter>源文件</Filter>
    </ClCompile>
    <ClCompile Include="src\libevent\test\test-eof.c">
      <Filter>源文件</Filter>
    </ClCompile>
    <ClCompile Include="src\libevent\test\test-init.c">
      <Filter>源文件</Filter>
    </ClCompile>
    <ClCompile Include="src\libevent\test\test-ratelim.c">
      <Filter>源文件</Filter>
    </ClCompile>
    <ClCompile Include="src\libevent\test\test-time.c">
      <Filter>源文件</Filter>
    </ClCompile>
    <ClCompile Include="src\libevent\test\test-weof.c">
      <Filter>源文件</Filter>
    </ClCompile>
    <ClCompile Include="src\libevent\test\tinytest.c">
      <Filter>源文件</Filter>
    </ClCompile>
    <ClCompile Include="src\libevent\arc4random.c">
      <Filter>源文件</Filter>
    </ClCompile>
    <ClCompile Include="src\libevent\buffer.c">
      <Filter>源文件</Filter>
    </ClCompile>
    <ClCompile Include="src\libevent\buffer_iocp.c">
      <Filter>源文件</Filter>
    </ClCompile>
    <ClCompile Include="src\libevent\bufferevent.c">
      <Filter>源文件</Filter>
    </ClCompile>
    <ClCompile Include="src\libevent\bufferevent_async.c">
      <Filter>源文件</Filter>
    </ClCompile>
    <ClCompile Include="src\libevent\bufferevent_filter.c">
      <Filter>源文件</Filter>
    </ClCompile>
    <ClCompile Include="src\libevent\bufferevent_openssl.c">
      <Filter>源文件</Filter>
    </ClCompile>
    <ClCompile Include="src\libevent\bufferevent_pair.c">
      <Filter>源文件</Filter>
    </ClCompile>
    <ClCompile Include="src\libevent\bufferevent_ratelim.c">
      <Filter>源文件</Filter>
    </ClCompile>
    <ClCompile Include="src\libevent\bufferevent_sock.c">
      <Filter>源文件</Filter>
    </ClCompile>
    <ClCompile Include="src\libevent\devpoll.c">
      <Filter>源文件</Filter>
    </ClCompile>
    <ClCompile Include="src\libevent\epoll.c">
      <Filter>源文件</Filter>
    </ClCompile>
    <ClCompile Include="src\libevent\epoll_sub.c">
      <Filter>源文件</Filter>
    </ClCompile>
    <ClCompile Include="src\libevent\evdns.c">
      <Filter>源文件</Filter>
    </ClCompile>
    <ClCompile Include="src\libevent\event.c">
      <Filter>源文件</Filter>
    </ClCompile>
    <ClCompile Include="src\libevent\event_iocp.c">
      <Filter>源文件</Filter>
    </ClCompile>
    <ClCompile Include="src\libevent\event_tagging.c">
      <Filter>源文件</Filter>
    </ClCompile>
    <ClCompile Include="src\libevent\evmap.c">
      <Filter>源文件</Filter>
    </ClCompile>
    <ClCompile Include="src\libevent\evport.c">
      <Filter>源文件</Filter>
    </ClCompile>
    <ClCompile Include="src\libevent\evrpc.c">
      <Filter>源文件</Filter>
    </ClCompile>
    <ClCompile Include="src\libevent\evthread.c">
      <Filter>源文件</Filter>
    </ClCompile>
    <ClCompile Include="src\libevent\evthread_pthread.c">
      <Filter>源文件</Filter>
    </ClCompile>
    <ClCompile Include="src\libevent\evthread_win32.c">
      <Filter>源文件</Filter>
    </ClCompile>
    <ClCompile Include="src\libevent\evutil.c">
      <Filter>源文件</Filter>
    </ClCompile>
    <ClCompile Include="src\libevent\evutil_rand.c">
      <Filter>源文件</Filter>
    </ClCompile>
    <ClCompile Include="src\libevent\http.c">
      <Filter>源文件</Filter>
    </ClCompile>
    <ClCompile Include="src\libevent\kqueue.c">
      <Filter>源文件</Filter>
    </ClCompile>
    <ClCompile Include="src\libevent\listener.c">
      <Filter>源文件</Filter>
    </ClCompile>
    <ClCompile Include="src\libevent\log.c">
      <Filter>源文件</Filter>
    </ClCompile>
    <ClCompile Include="src\libevent\poll.c">
      <Filter>源文件</Filter>
    </ClCompile>
    <ClCompile Include="src\libevent\select.c">
      <Filter>源文件</Filter>
    </ClCompile>
    <ClCompile Include="src\libevent\signal.c">
      <Filter>源文件</Filter>
    </ClCompile>
    <ClCompile Include="src\libevent\strlcpy.c">
      <Filter>源文件</Filter>
    </ClCompile>
    <ClCompile Include="src\libevent\win32select.c">
      <Filter>源文件</Filter>
    </ClCompile>
    <ClCompile Include="src\http_parser.c">
      <Filter>源文件</Filter>
    </ClCompile>
    <ClCompile Include="src\server.c">
      <Filter>源文件</Filter>
    </ClCompile>
    <ClCompile Include="src\jsoncpp\src\jsontestrunner\main.cpp">
      <Filter>源文件</Filter>
    </ClCompile>
    <ClCompile Include="src\jsoncpp\src\lib_json\json_reader.cpp">
      <Filter>源文件</Filter>
    </ClCompile>
    <ClCompile Include="src\jsoncpp\src\lib_json\json_value.cpp">
      <Filter>源文件</Filter>
    </ClCompile>
    <ClCompile Include="src\jsoncpp\src\lib_json\json_writer.cpp">
      <Filter>源文件</Filter>
    </ClCompile>
    <ClCompile Include="src\jsoncpp\src\test_lib_json\jsontest.cpp">
      <Filter>源文件</Filter>
    </ClCompile>
    <ClCompile Include="src\jsoncpp\src\test_lib_json\main.cpp">
      <Filter>源文件</Filter>
    </ClCompile>
    <ClCompile Include="src\workqueue.c">
      <Filter>源文件</Filter>
    </ClCompile>
    <ClCompile Include="src\server_threaded.c">
      <Filter>源文件</Filter>
    </ClCompile>
  </ItemGroup>
  <ItemGroup>
    <ClInclude Include="src\locker.h">
      <Filter>头文件</Filter>
    </ClInclude>
    <ClInclude Include="src\public_function.h">
      <Filter>头文件</Filter>
    </ClInclude>
    <ClInclude Include="src\thread_pool.h">
      <Filter>头文件</Filter>
    </ClInclude>
    <ClInclude Include="src\thread_pool9.h">
      <Filter>头文件</Filter>
    </ClInclude>
    <ClInclude Include="src\data_base.h">
      <Filter>头文件</Filter>
    </ClInclude>
    <ClInclude Include="libevent\compat\sys\queue.h">
      <Filter>头文件</Filter>
    </ClInclude>
    <ClInclude Include="libevent\include\event2\buffer.h">
      <Filter>头文件</Filter>
    </ClInclude>
    <ClInclude Include="libevent\include\event2\buffer_compat.h">
      <Filter>头文件</Filter>
    </ClInclude>
    <ClInclude Include="libevent\include\event2\bufferevent.h">
      <Filter>头文件</Filter>
    </ClInclude>
    <ClInclude Include="libevent\include\event2\bufferevent_compat.h">
      <Filter>头文件</Filter>
    </ClInclude>
    <ClInclude Include="libevent\include\event2\bufferevent_ssl.h">
      <Filter>头文件</Filter>
    </ClInclude>
    <ClInclude Include="libevent\include\event2\bufferevent_struct.h">
      <Filter>头文件</Filter>
    </ClInclude>
    <ClInclude Include="libevent\include\event2\dns.h">
      <Filter>头文件</Filter>
    </ClInclude>
    <ClInclude Include="libevent\include\event2\dns_compat.h">
      <Filter>头文件</Filter>
    </ClInclude>
    <ClInclude Include="libevent\include\event2\dns_struct.h">
      <Filter>头文件</Filter>
    </ClInclude>
    <ClInclude Include="libevent\include\event2\event.h">
      <Filter>头文件</Filter>
    </ClInclude>
    <ClInclude Include="libevent\include\event2\event_compat.h">
      <Filter>头文件</Filter>
    </ClInclude>
    <ClInclude Include="libevent\include\event2\event_struct.h">
      <Filter>头文件</Filter>
    </ClInclude>
    <ClInclude Include="libevent\include\event2\http.h">
      <Filter>头文件</Filter>
    </ClInclude>
    <ClInclude Include="libevent\include\event2\http_compat.h">
      <Filter>头文件</Filter>
    </ClInclude>
    <ClInclude Include="libevent\include\event2\http_struct.h">
      <Filter>头文件</Filter>
    </ClInclude>
    <ClInclude Include="libevent\include\event2\keyvalq_struct.h">
      <Filter>头文件</Filter>
    </ClInclude>
    <ClInclude Include="libevent\include\event2\listener.h">
      <Filter>头文件</Filter>
    </ClInclude>
    <ClInclude Include="libevent\include\event2\rpc.h">
      <Filter>头文件</Filter>
    </ClInclude>
    <ClInclude Include="libevent\include\event2\rpc_compat.h">
      <Filter>头文件</Filter>
    </ClInclude>
    <ClInclude Include="libevent\include\event2\rpc_struct.h">
      <Filter>头文件</Filter>
    </ClInclude>
    <ClInclude Include="libevent\include\event2\tag.h">
      <Filter>头文件</Filter>
    </ClInclude>
    <ClInclude Include="libevent\include\event2\tag_compat.h">
      <Filter>头文件</Filter>
    </ClInclude>
    <ClInclude Include="libevent\include\event2\thread.h">
      <Filter>头文件</Filter>
    </ClInclude>
    <ClInclude Include="libevent\include\event2\util.h">
      <Filter>头文件</Filter>
    </ClInclude>
    <ClInclude Include="libevent\test\regress.gen.h">
      <Filter>头文件</Filter>
    </ClInclude>
    <ClInclude Include="libevent\test\regress.h">
      <Filter>头文件</Filter>
    </ClInclude>
    <ClInclude Include="libevent\test\regress_testutils.h">
      <Filter>头文件</Filter>
    </ClInclude>
    <ClInclude Include="libevent\test\tinytest.h">
      <Filter>头文件</Filter>
    </ClInclude>
    <ClInclude Include="libevent\test\tinytest_local.h">
      <Filter>头文件</Filter>
    </ClInclude>
    <ClInclude Include="libevent\test\tinytest_macros.h">
      <Filter>头文件</Filter>
    </ClInclude>
    <ClInclude Include="libevent\WIN32-Code\event2\event-config.h">
      <Filter>头文件</Filter>
    </ClInclude>
    <ClInclude Include="libevent\WIN32-Code\tree.h">
      <Filter>头文件</Filter>
    </ClInclude>
    <ClInclude Include="libevent\bufferevent-internal.h">
      <Filter>头文件</Filter>
    </ClInclude>
    <ClInclude Include="libevent\changelist-internal.h">
      <Filter>头文件</Filter>
    </ClInclude>
    <ClInclude Include="libevent\defer-internal.h">
      <Filter>头文件</Filter>
    </ClInclude>
    <ClInclude Include="libevent\evbuffer-internal.h">
      <Filter>头文件</Filter>
    </ClInclude>
    <ClInclude Include="libevent\evdns.h">
      <Filter>头文件</Filter>
    </ClInclude>
    <ClInclude Include="libevent\event.h">
      <Filter>头文件</Filter>
    </ClInclude>
    <ClInclude Include="libevent\event-internal.h">
      <Filter>头文件</Filter>
    </ClInclude>
    <ClInclude Include="libevent\evhttp.h">
      <Filter>头文件</Filter>
    </ClInclude>
    <ClInclude Include="libevent\evmap-internal.h">
      <Filter>头文件</Filter>
    </ClInclude>
    <ClInclude Include="libevent\evrpc.h">
      <Filter>头文件</Filter>
    </ClInclude>
    <ClInclude Include="libevent\evrpc-internal.h">
      <Filter>头文件</Filter>
    </ClInclude>
    <ClInclude Include="libevent\evsignal-internal.h">
      <Filter>头文件</Filter>
    </ClInclude>
    <ClInclude Include="libevent\evthread-internal.h">
      <Filter>头文件</Filter>
    </ClInclude>
    <ClInclude Include="libevent\evutil.h">
      <Filter>头文件</Filter>
    </ClInclude>
    <ClInclude Include="libevent\ht-internal.h">
      <Filter>头文件</Filter>
    </ClInclude>
    <ClInclude Include="libevent\http-internal.h">
      <Filter>头文件</Filter>
    </ClInclude>
    <ClInclude Include="libevent\iocp-internal.h">
      <Filter>头文件</Filter>
    </ClInclude>
    <ClInclude Include="libevent\ipv6-internal.h">
      <Filter>头文件</Filter>
    </ClInclude>
    <ClInclude Include="libevent\log-internal.h">
      <Filter>头文件</Filter>
    </ClInclude>
    <ClInclude Include="libevent\minheap-internal.h">
      <Filter>头文件</Filter>
    </ClInclude>
    <ClInclude Include="libevent\mm-internal.h">
      <Filter>头文件</Filter>
    </ClInclude>
    <ClInclude Include="libevent\ratelim-internal.h">
      <Filter>头文件</Filter>
    </ClInclude>
    <ClInclude Include="libevent\strlcpy-internal.h">
      <Filter>头文件</Filter>
    </ClInclude>
    <ClInclude Include="libevent\util-internal.h">
      <Filter>头文件</Filter>
    </ClInclude>
    <ClInclude Include="src\libevent\compat\sys\queue.h">
      <Filter>头文件</Filter>
    </ClInclude>
    <ClInclude Include="src\libevent\include\event2\buffer.h">
      <Filter>头文件</Filter>
    </ClInclude>
    <ClInclude Include="src\libevent\include\event2\buffer_compat.h">
      <Filter>头文件</Filter>
    </ClInclude>
    <ClInclude Include="src\libevent\include\event2\bufferevent.h">
      <Filter>头文件</Filter>
    </ClInclude>
    <ClInclude Include="src\libevent\include\event2\bufferevent_compat.h">
      <Filter>头文件</Filter>
    </ClInclude>
    <ClInclude Include="src\libevent\include\event2\bufferevent_ssl.h">
      <Filter>头文件</Filter>
    </ClInclude>
    <ClInclude Include="src\libevent\include\event2\bufferevent_struct.h">
      <Filter>头文件</Filter>
    </ClInclude>
    <ClInclude Include="src\libevent\include\event2\dns.h">
      <Filter>头文件</Filter>
    </ClInclude>
    <ClInclude Include="src\libevent\include\event2\dns_compat.h">
      <Filter>头文件</Filter>
    </ClInclude>
    <ClInclude Include="src\libevent\include\event2\dns_struct.h">
      <Filter>头文件</Filter>
    </ClInclude>
    <ClInclude Include="src\libevent\include\event2\event.h">
      <Filter>头文件</Filter>
    </ClInclude>
    <ClInclude Include="src\libevent\include\event2\event_compat.h">
      <Filter>头文件</Filter>
    </ClInclude>
    <ClInclude Include="src\libevent\include\event2\event_struct.h">
      <Filter>头文件</Filter>
    </ClInclude>
    <ClInclude Include="src\libevent\include\event2\http.h">
      <Filter>头文件</Filter>
    </ClInclude>
    <ClInclude Include="src\libevent\include\event2\http_compat.h">
      <Filter>头文件</Filter>
    </ClInclude>
    <ClInclude Include="src\libevent\include\event2\http_struct.h">
      <Filter>头文件</Filter>
    </ClInclude>
    <ClInclude Include="src\libevent\include\event2\keyvalq_struct.h">
      <Filter>头文件</Filter>
    </ClInclude>
    <ClInclude Include="src\libevent\include\event2\listener.h">
      <Filter>头文件</Filter>
    </ClInclude>
    <ClInclude Include="src\libevent\include\event2\rpc.h">
      <Filter>头文件</Filter>
    </ClInclude>
    <ClInclude Include="src\libevent\include\event2\rpc_compat.h">
      <Filter>头文件</Filter>
    </ClInclude>
    <ClInclude Include="src\libevent\include\event2\rpc_struct.h">
      <Filter>头文件</Filter>
    </ClInclude>
    <ClInclude Include="src\libevent\include\event2\tag.h">
      <Filter>头文件</Filter>
    </ClInclude>
    <ClInclude Include="src\libevent\include\event2\tag_compat.h">
      <Filter>头文件</Filter>
    </ClInclude>
    <ClInclude Include="src\libevent\include\event2\thread.h">
      <Filter>头文件</Filter>
    </ClInclude>
    <ClInclude Include="src\libevent\include\event2\util.h">
      <Filter>头文件</Filter>
    </ClInclude>
    <ClInclude Include="src\libevent\test\regress.gen.h">
      <Filter>头文件</Filter>
    </ClInclude>
    <ClInclude Include="src\libevent\test\regress.h">
      <Filter>头文件</Filter>
    </ClInclude>
    <ClInclude Include="src\libevent\test\regress_testutils.h">
      <Filter>头文件</Filter>
    </ClInclude>
    <ClInclude Include="src\libevent\test\tinytest.h">
      <Filter>头文件</Filter>
    </ClInclude>
    <ClInclude Include="src\libevent\test\tinytest_local.h">
      <Filter>头文件</Filter>
    </ClInclude>
    <ClInclude Include="src\libevent\test\tinytest_macros.h">
      <Filter>头文件</Filter>
    </ClInclude>
    <ClInclude Include="src\libevent\WIN32-Code\event2\event-config.h">
      <Filter>头文件</Filter>
    </ClInclude>
    <ClInclude Include="src\libevent\WIN32-Code\tree.h">
      <Filter>头文件</Filter>
    </ClInclude>
    <ClInclude Include="src\libevent\bufferevent-internal.h">
      <Filter>头文件</Filter>
    </ClInclude>
    <ClInclude Include="src\libevent\changelist-internal.h">
      <Filter>头文件</Filter>
    </ClInclude>
    <ClInclude Include="src\libevent\defer-internal.h">
      <Filter>头文件</Filter>
    </ClInclude>
    <ClInclude Include="src\libevent\evbuffer-internal.h">
      <Filter>头文件</Filter>
    </ClInclude>
    <ClInclude Include="src\libevent\evdns.h">
      <Filter>头文件</Filter>
    </ClInclude>
    <ClInclude Include="src\libevent\event.h">
      <Filter>头文件</Filter>
    </ClInclude>
    <ClInclude Include="src\libevent\event-internal.h">
      <Filter>头文件</Filter>
    </ClInclude>
    <ClInclude Include="src\libevent\evhttp.h">
      <Filter>头文件</Filter>
    </ClInclude>
    <ClInclude Include="src\libevent\evmap-internal.h">
      <Filter>头文件</Filter>
    </ClInclude>
    <ClInclude Include="src\libevent\evrpc.h">
      <Filter>头文件</Filter>
    </ClInclude>
    <ClInclude Include="src\libevent\evrpc-internal.h">
      <Filter>头文件</Filter>
    </ClInclude>
    <ClInclude Include="src\libevent\evsignal-internal.h">
      <Filter>头文件</Filter>
    </ClInclude>
    <ClInclude Include="src\libevent\evthread-internal.h">
      <Filter>头文件</Filter>
    </ClInclude>
    <ClInclude Include="src\libevent\evutil.h">
      <Filter>头文件</Filter>
    </ClInclude>
    <ClInclude Include="src\libevent\ht-internal.h">
      <Filter>头文件</Filter>
    </ClInclude>
    <ClInclude Include="src\libevent\http-internal.h">
      <Filter>头文件</Filter>
    </ClInclude>
    <ClInclude Include="src\libevent\iocp-internal.h">
      <Filter>头文件</Filter>
    </ClInclude>
    <ClInclude Include="src\libevent\ipv6-internal.h">
      <Filter>头文件</Filter>
    </ClInclude>
    <ClInclude Include="src\libevent\log-internal.h">
      <Filter>头文件</Filter>
    </ClInclude>
    <ClInclude Include="src\libevent\minheap-internal.h">
      <Filter>头文件</Filter>
    </ClInclude>
    <ClInclude Include="src\libevent\mm-internal.h">
      <Filter>头文件</Filter>
    </ClInclude>
    <ClInclude Include="src\libevent\ratelim-internal.h">
      <Filter>头文件</Filter>
    </ClInclude>
    <ClInclude Include="src\libevent\strlcpy-internal.h">
      <Filter>头文件</Filter>
    </ClInclude>
    <ClInclude Include="src\libevent\util-internal.h">
      <Filter>头文件</Filter>
    </ClInclude>
    <ClInclude Include="src\http_parser.h">
      <Filter>头文件</Filter>
    </ClInclude>
    <ClInclude Include="src\jsoncpp\include\json\autolink.h">
      <Filter>头文件</Filter>
    </ClInclude>
    <ClInclude Include="src\jsoncpp\include\json\config.h">
      <Filter>头文件</Filter>
    </ClInclude>
    <ClInclude Include="src\jsoncpp\include\json\features.h">
      <Filter>头文件</Filter>
    </ClInclude>
    <ClInclude Include="src\jsoncpp\include\json\forwards.h">
      <Filter>头文件</Filter>
    </ClInclude>
    <ClInclude Include="src\jsoncpp\include\json\json.h">
      <Filter>头文件</Filter>
    </ClInclude>
    <ClInclude Include="src\jsoncpp\include\json\reader.h">
      <Filter>头文件</Filter>
    </ClInclude>
    <ClInclude Include="src\jsoncpp\include\json\value.h">
      <Filter>头文件</Filter>
    </ClInclude>
    <ClInclude Include="src\jsoncpp\include\json\writer.h">
      <Filter>头文件</Filter>
    </ClInclude>
    <ClInclude Include="src\jsoncpp\src\lib_json\json_batchallocator.h">
      <Filter>头文件</Filter>
    </ClInclude>
    <ClInclude Include="src\jsoncpp\src\test_lib_json\jsontest.h">
      <Filter>头文件</Filter>
    </ClInclude>
    <ClInclude Include="src\workqueue.h">
      <Filter>头文件</Filter>
    </ClInclude>
    <ClInclude Include="src\server_threaded.h">
      <Filter>头文件</Filter>
    </ClInclude>
  </ItemGroup>
  <ItemGroup>
    <None Include="src\jsoncpp\doc\footer.html" />
    <None Include="src\jsoncpp\doc\header.html" />
    <None Include="src\jsoncpp\src\lib_json\json_internalarray.inl">
      <Filter>头文件</Filter>
    </None>
    <None Include="src\jsoncpp\src\lib_json\json_internalmap.inl">
      <Filter>头文件</Filter>
    </None>
    <None Include="src\jsoncpp\src\lib_json\json_valueiterator.inl">
      <Filter>头文件</Filter>
    </None>
  </ItemGroup>
</Project>